
Microsoft Visual Studio Solution File, Format Version 12.00
# Visual Studio Version 16
VisualStudioVersion = 16.0.30330.147
MinimumVisualStudioVersion = 10.0.40219.1
Project("{9A19103F-16F7-4668-BE54-9A1E7A4F7556}") = "AdamBarclay.MarkdownDocumentation", "src\AdamBarclay.MarkdownDocumentation\AdamBarclay.MarkdownDocumentation.csproj", "{3883582F-EDC6-4BE9-A34B-A86DD448636F}"
EndProject
Project("{FAE04EC0-301F-11D3-BF4B-00C04F79EFBC}") = "AdamBarclay.MarkdownDocumentation.Tests", "tests\AdamBarclay.MarkdownDocumentation.Tests\AdamBarclay.MarkdownDocumentation.Tests.csproj", "{70EDC715-E3F1-4B45-A55B-37FF4581436E}"
EndProject
Global
	GlobalSection(SolutionConfigurationPlatforms) = preSolution
		Debug|Any CPU = Debug|Any CPU
		Release|Any CPU = Release|Any CPU
	EndGlobalSection
	GlobalSection(ProjectConfigurationPlatforms) = postSolution
		{3883582F-EDC6-4BE9-A34B-A86DD448636F}.Debug|Any CPU.ActiveCfg = Debug|Any CPU
		{3883582F-EDC6-4BE9-A34B-A86DD448636F}.Debug|Any CPU.Build.0 = Debug|Any CPU
		{3883582F-EDC6-4BE9-A34B-A86DD448636F}.Release|Any CPU.ActiveCfg = Release|Any CPU
		{3883582F-EDC6-4BE9-A34B-A86DD448636F}.Release|Any CPU.Build.0 = Release|Any CPU
		{70EDC715-E3F1-4B45-A55B-37FF4581436E}.Debug|Any CPU.ActiveCfg = Debug|Any CPU
		{70EDC715-E3F1-4B45-A55B-37FF4581436E}.Debug|Any CPU.Build.0 = Debug|Any CPU
		{70EDC715-E3F1-4B45-A55B-37FF4581436E}.Release|Any CPU.ActiveCfg = Release|Any CPU
		{70EDC715-E3F1-4B45-A55B-37FF4581436E}.Release|Any CPU.Build.0 = Release|Any CPU
	EndGlobalSection
	GlobalSection(SolutionProperties) = preSolution
		HideSolutionNode = FALSE
	EndGlobalSection
	GlobalSection(ExtensibilityGlobals) = postSolution
		SolutionGuid = {90C98F2C-0650-4957-89B8-80230D09636E}
	EndGlobalSection
EndGlobal
